
Microsoft Visual Studio Solution File, Format Version 12.00
# Visual Studio Version 17
VisualStudioVersion = 17.8.34511.84
MinimumVisualStudioVersion = 10.0.40219.1
Project("{FAE04EC0-301F-11D3-BF4B-00C04F79EFBC}") = "WebApplication9", "WebApplication9\WebApplication9.csproj", "{2FEE117B-E3BA-4F2B-B5ED-069682C2CEDF}"
EndProject
Global
	GlobalSection(SolutionConfigurationPlatforms) = preSolution
		Debug|Any CPU = Debug|Any CPU
		Release|Any CPU = Release|Any CPU
	EndGlobalSection
	GlobalSection(ProjectConfigurationPlatforms) = postSolution
		{2FEE117B-E3BA-4F2B-B5ED-069682C2CEDF}.Debug|Any CPU.ActiveCfg = Debug|Any CPU
		{2FEE117B-E3BA-4F2B-B5ED-069682C2CEDF}.Debug|Any CPU.Build.0 = Debug|Any CPU
		{2FEE117B-E3BA-4F2B-B5ED-069682C2CEDF}.Release|Any CPU.ActiveCfg = Release|Any CPU
		{2FEE117B-E3BA-4F2B-B5ED-069682C2CEDF}.Release|Any CPU.Build.0 = Release|Any CPU
	EndGlobalSection
	GlobalSection(SolutionProperties) = preSolution
		HideSolutionNode = FALSE
	EndGlobalSection
	GlobalSection(ExtensibilityGlobals) = postSolution
		SolutionGuid = {F824D691-4377-4ECD-A3FA-3BBEF6748A8F}
	EndGlobalSection
EndGlobal
